
Microsoft Visual Studio Solution File, Format Version 11.00
# Visual Studio 2010
Project("{FAE04EC0-301F-11D3-BF4B-00C04F79EFBC}") = "GeeklistSharp", "GeeklistSharp\GeeklistSharp.csproj", "{E4EF5C4E-708C-4934-B3C1-9D7CCF501D62}"
EndProject
Project("{FAE04EC0-301F-11D3-BF4B-00C04F79EFBC}") = "GeeklistSharp.Tests", "GeeklistSharp.Tests\GeeklistSharp.Tests.csproj", "{364A93FE-4581-4A9D-849F-1A788A8F94AE}"
EndProject
Project("{2150E333-8FDC-42A3-9474-1A3956D46DE8}") = "Solution Items", "Solution Items", "{26728557-E427-4B28-9747-11E7152C087A}"
	ProjectSection(SolutionItems) = preProject
		GeeklistSharp.vsmdi = GeeklistSharp.vsmdi
		Local.testsettings = Local.testsettings
		TraceAndTestImpact.testsettings = TraceAndTestImpact.testsettings
	EndProjectSection
EndProject
Project("{FAE04EC0-301F-11D3-BF4B-00C04F79EFBC}") = "Hammock", "..\hammock\src\net40\Hammock\Hammock.csproj", "{CD569558-9092-466B-8670-EA1B151150E0}"
EndProject
Global
	GlobalSection(TestCaseManagementSettings) = postSolution
		CategoryFile = GeeklistSharp.vsmdi
	EndGlobalSection
	GlobalSection(SolutionConfigurationPlatforms) = preSolution
		ClientProfiles|Any CPU = ClientProfiles|Any CPU
		Debug|Any CPU = Debug|Any CPU
		Release|Any CPU = Release|Any CPU
	EndGlobalSection
	GlobalSection(ProjectConfigurationPlatforms) = postSolution
		{E4EF5C4E-708C-4934-B3C1-9D7CCF501D62}.ClientProfiles|Any CPU.ActiveCfg = Release|Any CPU
		{E4EF5C4E-708C-4934-B3C1-9D7CCF501D62}.ClientProfiles|Any CPU.Build.0 = Release|Any CPU
		{E4EF5C4E-708C-4934-B3C1-9D7CCF501D62}.Debug|Any CPU.ActiveCfg = Debug|Any CPU
		{E4EF5C4E-708C-4934-B3C1-9D7CCF501D62}.Debug|Any CPU.Build.0 = Debug|Any CPU
		{E4EF5C4E-708C-4934-B3C1-9D7CCF501D62}.Release|Any CPU.ActiveCfg = Release|Any CPU
		{E4EF5C4E-708C-4934-B3C1-9D7CCF501D62}.Release|Any CPU.Build.0 = Release|Any CPU
		{364A93FE-4581-4A9D-849F-1A788A8F94AE}.ClientProfiles|Any CPU.ActiveCfg = Release|Any CPU
		{364A93FE-4581-4A9D-849F-1A788A8F94AE}.ClientProfiles|Any CPU.Build.0 = Release|Any CPU
		{364A93FE-4581-4A9D-849F-1A788A8F94AE}.Debug|Any CPU.ActiveCfg = Debug|Any CPU
		{364A93FE-4581-4A9D-849F-1A788A8F94AE}.Debug|Any CPU.Build.0 = Debug|Any CPU
		{364A93FE-4581-4A9D-849F-1A788A8F94AE}.Release|Any CPU.ActiveCfg = Release|Any CPU
		{364A93FE-4581-4A9D-849F-1A788A8F94AE}.Release|Any CPU.Build.0 = Release|Any CPU
		{CD569558-9092-466B-8670-EA1B151150E0}.ClientProfiles|Any CPU.ActiveCfg = ClientProfiles|Any CPU
		{CD569558-9092-466B-8670-EA1B151150E0}.ClientProfiles|Any CPU.Build.0 = ClientProfiles|Any CPU
		{CD569558-9092-466B-8670-EA1B151150E0}.Debug|Any CPU.ActiveCfg = Debug|Any CPU
		{CD569558-9092-466B-8670-EA1B151150E0}.Debug|Any CPU.Build.0 = Debug|Any CPU
		{CD569558-9092-466B-8670-EA1B151150E0}.Release|Any CPU.ActiveCfg = Release|Any CPU
		{CD569558-9092-466B-8670-EA1B151150E0}.Release|Any CPU.Build.0 = Release|Any CPU
	EndGlobalSection
	GlobalSection(SolutionProperties) = preSolution
		HideSolutionNode = FALSE
	EndGlobalSection
EndGlobal
